// !$*UTF8*$!
{
	archiveVersion = 1;
	classes = {
	};
	objectVersion = 56;
	objects = {

/* Begin PBXBuildFile section */
		949E3CE32C0394AA006C2EA4 /* To_Do_ListApp.swift in Sources */ = {isa = PBXBuildFile; fileRef = 949E3CE22C0394AA006C2EA4 /* To_Do_ListApp.swift */; };
		949E3CE52C0394AA006C2EA4 /* TaskListView.swift in Sources */ = {isa = PBXBuildFile; fileRef = 949E3CE42C0394AA006C2EA4 /* TaskListView.swift */; };
		949E3CE72C0394AB006C2EA4 /* Assets.xcassets in Resources */ = {isa = PBXBuildFile; fileRef = 949E3CE62C0394AB006C2EA4 /* Assets.xcassets */; };
		949E3CEA2C0394AB006C2EA4 /* Preview Assets.xcassets in Resources */ = {isa = PBXBuildFile; fileRef = 949E3CE92C0394AB006C2EA4 /* Preview Assets.xcassets */; };
		949E3CEC2C0394AB006C2EA4 /* Persistence.swift in Sources */ = {isa = PBXBuildFile; fileRef = 949E3CEB2C0394AB006C2EA4 /* Persistence.swift */; };
		949E3CEF2C0394AB006C2EA4 /* To_Do_List.xcdatamodeld in Sources */ = {isa = PBXBuildFile; fileRef = 949E3CED2C0394AB006C2EA4 /* To_Do_List.xcdatamodeld */; };
		949E3CF62C039614006C2EA4 /* FloatingButton.swift in Sources */ = {isa = PBXBuildFile; fileRef = 949E3CF52C039614006C2EA4 /* FloatingButton.swift */; };
		949E3CF92C039664006C2EA4 /* TaskEditView.swift in Sources */ = {isa = PBXBuildFile; fileRef = 949E3CF82C039664006C2EA4 /* TaskEditView.swift */; };
		949E3CFB2C039D4A006C2EA4 /* DateHolder.swift in Sources */ = {isa = PBXBuildFile; fileRef = 949E3CFA2C039D4A006C2EA4 /* DateHolder.swift */; };
		949E3CFD2C039F8B006C2EA4 /* TaskCell.swift in Sources */ = {isa = PBXBuildFile; fileRef = 949E3CFC2C039F8B006C2EA4 /* TaskCell.swift */; };
		949E3CFF2C03A050006C2EA4 /* CheckBoxView.swift in Sources */ = {isa = PBXBuildFile; fileRef = 949E3CFE2C03A04F006C2EA4 /* CheckBoxView.swift */; };
		949E3D022C03A114006C2EA4 /* TaskItemExtention.swift in Sources */ = {isa = PBXBuildFile; fileRef = 949E3D012C03A114006C2EA4 /* TaskItemExtention.swift */; };
		949E3D042C03AC01006C2EA4 /* DateScroller.swift in Sources */ = {isa = PBXBuildFile; fileRef = 949E3D032C03AC01006C2EA4 /* DateScroller.swift */; };
		949E3D062C061669006C2EA4 /* TaskFilter.swift in Sources */ = {isa = PBXBuildFile; fileRef = 949E3D052C061669006C2EA4 /* TaskFilter.swift */; };
/* End PBXBuildFile section */

/* Begin PBXFileReference section */
		949E3CDF2C0394AA006C2EA4 /* To-Do-List.app */ = {isa = PBXFileReference; explicitFileType = wrapper.application; includeInIndex = 0; path = "To-Do-List.app"; sourceTree = BUILT_PRODUCTS_DIR; };
		949E3CE22C0394AA006C2EA4 /* To_Do_ListApp.swift */ = {isa = PBXFileReference; lastKnownFileType = sourcecode.swift; path = To_Do_ListApp.swift; sourceTree = "<group>"; };
		949E3CE42C0394AA006C2EA4 /* TaskListView.swift */ = {isa = PBXFileReference; lastKnownFileType = sourcecode.swift; path = TaskListView.swift; sourceTree = "<group>"; };
		949E3CE62C0394AB006C2EA4 /* Assets.xcassets */ = {isa = PBXFileReference; lastKnownFileType = folder.assetcatalog; path = Assets.xcassets; sourceTree = "<group>"; };
		949E3CE92C0394AB006C2EA4 /* Preview Assets.xcassets */ = {isa = PBXFileReference; lastKnownFileType = folder.assetcatalog; path = "Preview Assets.xcassets"; sourceTree = "<group>"; };
		949E3CEB2C0394AB006C2EA4 /* Persistence.swift */ = {isa = PBXFileReference; lastKnownFileType = sourcecode.swift; path = Persistence.swift; sourceTree = "<group>"; };
		949E3CEE2C0394AB006C2EA4 /* To_Do_List.xcdatamodel */ = {isa = PBXFileReference; lastKnownFileType = wrapper.xcdatamodel; path = To_Do_List.xcdatamodel; sourceTree = "<group>"; };
		949E3CF52C039614006C2EA4 /* FloatingButton.swift */ = {isa = PBXFileReference; lastKnownFileType = sourcecode.swift; path = FloatingButton.swift; sourceTree = "<group>"; };
		949E3CF82C039664006C2EA4 /* TaskEditView.swift */ = {isa = PBXFileReference; lastKnownFileType = sourcecode.swift; path = TaskEditView.swift; sourceTree = "<group>"; };
		949E3CFA2C039D4A006C2EA4 /* DateHolder.swift */ = {isa = PBXFileReference; lastKnownFileType = sourcecode.swift; path = DateHolder.swift; sourceTree = "<group>"; };
		949E3CFC2C039F8B006C2EA4 /* TaskCell.swift */ = {isa = PBXFileReference; lastKnownFileType = sourcecode.swift; path = TaskCell.swift; sourceTree = "<group>"; };
		949E3CFE2C03A04F006C2EA4 /* CheckBoxView.swift */ = {isa = PBXFileReference; lastKnownFileType = sourcecode.swift; path = CheckBoxView.swift; sourceTree = "<group>"; };
		949E3D012C03A114006C2EA4 /* TaskItemExtention.swift */ = {isa = PBXFileReference; lastKnownFileType = sourcecode.swift; path = TaskItemExtention.swift; sourceTree = "<group>"; };
		949E3D032C03AC01006C2EA4 /* DateScroller.swift */ = {isa = PBXFileReference; lastKnownFileType = sourcecode.swift; path = DateScroller.swift; sourceTree = "<group>"; };
		949E3D052C061669006C2EA4 /* TaskFilter.swift */ = {isa = PBXFileReference; lastKnownFileType = sourcecode.swift; path = TaskFilter.swift; sourceTree = "<group>"; };
/* End PBXFileReference section */

/* Begin PBXFrameworksBuildPhase section */
		949E3CDC2C0394AA006C2EA4 /* Frameworks */ = {
			isa = PBXFrameworksBuildPhase;
			buildActionMask = 2147483647;
			files = (
			);
			runOnlyForDeploymentPostprocessing = 0;
		};
/* End PBXFrameworksBuildPhase section */

/* Begin PBXGroup section */
		949E3CD62C0394AA006C2EA4 = {
			isa = PBXGroup;
			children = (
				949E3CE12C0394AA006C2EA4 /* To-Do-List */,
				949E3CE02C0394AA006C2EA4 /* Products */,
			);
			sourceTree = "<group>";
		};
		949E3CE02C0394AA006C2EA4 /* Products */ = {
			isa = PBXGroup;
			children = (
				949E3CDF2C0394AA006C2EA4 /* To-Do-List.app */,
			);
			name = Products;
			sourceTree = "<group>";
		};
		949E3CE12C0394AA006C2EA4 /* To-Do-List */ = {
			isa = PBXGroup;
			children = (
				949E3D002C03A0FF006C2EA4 /* Model */,
				949E3CF72C039650006C2EA4 /* views */,
				949E3CE22C0394AA006C2EA4 /* To_Do_ListApp.swift */,
				949E3CE62C0394AB006C2EA4 /* Assets.xcassets */,
				949E3CED2C0394AB006C2EA4 /* To_Do_List.xcdatamodeld */,
				949E3CE82C0394AB006C2EA4 /* Preview Content */,
			);
			path = "To-Do-List";
			sourceTree = "<group>";
		};
		949E3CE82C0394AB006C2EA4 /* Preview Content */ = {
			isa = PBXGroup;
			children = (
				949E3CE92C0394AB006C2EA4 /* Preview Assets.xcassets */,
			);
			path = "Preview Content";
			sourceTree = "<group>";
		};
		949E3CF72C039650006C2EA4 /* views */ = {
			isa = PBXGroup;
			children = (
				949E3CF52C039614006C2EA4 /* FloatingButton.swift */,
				949E3CF82C039664006C2EA4 /* TaskEditView.swift */,
				949E3CFC2C039F8B006C2EA4 /* TaskCell.swift */,
				949E3CFE2C03A04F006C2EA4 /* CheckBoxView.swift */,
				949E3D032C03AC01006C2EA4 /* DateScroller.swift */,
				949E3CE42C0394AA006C2EA4 /* TaskListView.swift */,
			);
			path = views;
			sourceTree = "<group>";
		};
		949E3D002C03A0FF006C2EA4 /* Model */ = {
			isa = PBXGroup;
			children = (
				949E3CEB2C0394AB006C2EA4 /* Persistence.swift */,
				949E3D012C03A114006C2EA4 /* TaskItemExtention.swift */,
				949E3CFA2C039D4A006C2EA4 /* DateHolder.swift */,
				949E3D052C061669006C2EA4 /* TaskFilter.swift */,
			);
			path = Model;
			sourceTree = "<group>";
		};
/* End PBXGroup section */

/* Begin PBXNativeTarget section */
		949E3CDE2C0394AA006C2EA4 /* To-Do-List */ = {
			isa = PBXNativeTarget;
			buildConfigurationList = 949E3CF22C0394AB006C2EA4 /* Build configuration list for PBXNativeTarget "To-Do-List" */;
			buildPhases = (
				949E3CDB2C0394AA006C2EA4 /* Sources */,
				949E3CDC2C0394AA006C2EA4 /* Frameworks */,
				949E3CDD2C0394AA006C2EA4 /* Resources */,
			);
			buildRules = (
			);
			dependencies = (
			);
			name = "To-Do-List";
			productName = "To-Do-List";
			productReference = 949E3CDF2C0394AA006C2EA4 /* To-Do-List.app */;
			productType = "com.apple.product-type.application";
		};
/* End PBXNativeTarget section */

/* Begin PBXProject section */
		949E3CD72C0394AA006C2EA4 /* Project object */ = {
			isa = PBXProject;
			attributes = {
				BuildIndependentTargetsInParallel = 1;
				LastSwiftUpdateCheck = 1530;
				LastUpgradeCheck = 1530;
				TargetAttributes = {
					949E3CDE2C0394AA006C2EA4 = {
						CreatedOnToolsVersion = 15.3;
					};
				};
			};
			buildConfigurationList = 949E3CDA2C0394AA006C2EA4 /* Build configuration list for PBXProject "To-Do-List" */;
			compatibilityVersion = "Xcode 14.0";
			developmentRegion = en;
			hasScannedForEncodings = 0;
			knownRegions = (
				en,
				Base,
			);
			mainGroup = 949E3CD62C0394AA006C2EA4;
			productRefGroup = 949E3CE02C0394AA006C2EA4 /* Products */;
			projectDirPath = "";
			projectRoot = "";
			targets = (
				949E3CDE2C0394AA006C2EA4 /* To-Do-List */,
			);
		};
/* End PBXProject section */

/* Begin PBXResourcesBuildPhase section */
		949E3CDD2C0394AA006C2EA4 /* Resources */ = {
			isa = PBXResourcesBuildPhase;
			buildActionMask = 2147483647;
			files = (
				949E3CEA2C0394AB006C2EA4 /* Preview Assets.xcassets in Resources */,
				949E3CE72C0394AB006C2EA4 /* Assets.xcassets in Resources */,
			);
			runOnlyForDeploymentPostprocessing = 0;
		};
/* End PBXResourcesBuildPhase section */

/* Begin PBXSourcesBuildPhase section */
		949E3CDB2C0394AA006C2EA4 /* Sources */ = {
			isa = PBXSourcesBuildPhase;
			buildActionMask = 2147483647;
			files = (
				949E3CFB2C039D4A006C2EA4 /* DateHolder.swift in Sources */,
				949E3CEC2C0394AB006C2EA4 /* Persistence.swift in Sources */,
				949E3CE52C0394AA006C2EA4 /* TaskListView.swift in Sources */,
				949E3CF62C039614006C2EA4 /* FloatingButton.swift in Sources */,
				949E3D062C061669006C2EA4 /* TaskFilter.swift in Sources */,
				949E3D022C03A114006C2EA4 /* TaskItemExtention.swift in Sources */,
				949E3CFF2C03A050006C2EA4 /* CheckBoxView.swift in Sources */,
				949E3CFD2C039F8B006C2EA4 /* TaskCell.swift in Sources */,
				949E3D042C03AC01006C2EA4 /* DateScroller.swift in Sources */,
				949E3CF92C039664006C2EA4 /* TaskEditView.swift in Sources */,
				949E3CE32C0394AA006C2EA4 /* To_Do_ListApp.swift in Sources */,
				949E3CEF2C0394AB006C2EA4 /* To_Do_List.xcdatamodeld in Sources */,
			);
			runOnlyForDeploymentPostprocessing = 0;
		};
/* End PBXSourcesBuildPhase section */

/* Begin XCBuildConfiguration section */
		949E3CF02C0394AB006C2EA4 /* Debug */ = {
			isa = XCBuildConfiguration;
			buildSettings = {
				ALWAYS_SEARCH_USER_PATHS = NO;
				ASSETCATALOG_COMPILER_GENERATE_SWIFT_ASSET_SYMBOL_EXTENSIONS = YES;
				CLANG_ANALYZER_NONNULL = YES;
				CLANG_ANALYZER_NUMBER_OBJECT_CONVERSION = YES_AGGRESSIVE;
				CLANG_CXX_LANGUAGE_STANDARD = "gnu++20";
				CLANG_ENABLE_MODULES = YES;
				CLANG_ENABLE_OBJC_ARC = YES;
				CLANG_ENABLE_OBJC_WEAK = YES;
				CLANG_WARN_BLOCK_CAPTURE_AUTORELEASING = YES;
				CLANG_WARN_BOOL_CONVERSION = YES;
				CLANG_WARN_COMMA = YES;
				CLANG_WARN_CONSTANT_CONVERSION = YES;
				CLANG_WARN_DEPRECATED_OBJC_IMPLEMENTATIONS = YES;
				CLANG_WARN_DIRECT_OBJC_ISA_USAGE = YES_ERROR;
				CLANG_WARN_DOCUMENTATION_COMMENTS = YES;
				CLANG_WARN_EMPTY_BODY = YES;
				CLANG_WARN_ENUM_CONVERSION = YES;
				CLANG_WARN_INFINITE_RECURSION = YES;
				CLANG_WARN_INT_CONVERSION = YES;
				CLANG_WARN_NON_LITERAL_NULL_CONVERSION = YES;
				CLANG_WARN_OBJC_IMPLICIT_RETAIN_SELF = YES;
				CLANG_WARN_OBJC_LITERAL_CONVERSION = YES;
				CLANG_WARN_OBJC_ROOT_CLASS = YES_ERROR;
				CLANG_WARN_QUOTED_INCLUDE_IN_FRAMEWORK_HEADER = YES;
				CLANG_WARN_RANGE_LOOP_ANALYSIS = YES;
				CLANG_WARN_STRICT_PROTOTYPES = YES;
				CLANG_WARN_SUSPICIOUS_MOVE = YES;
				CLANG_WARN_UNGUARDED_AVAILABILITY = YES_AGGRESSIVE;
				CLANG_WARN_UNREACHABLE_CODE = YES;
				CLANG_WARN__DUPLICATE_METHOD_MATCH = YES;
				COPY_PHASE_STRIP = NO;
				DEBUG_INFORMATION_FORMAT = dwarf;
				ENABLE_STRICT_OBJC_MSGSEND = YES;
				ENABLE_TESTABILITY = YES;
				ENABLE_USER_SCRIPT_SANDBOXING = YES;
				GCC_C_LANGUAGE_STANDARD = gnu17;
				GCC_DYNAMIC_NO_PIC = NO;
				GCC_NO_COMMON_BLOCKS = YES;
				GCC_OPTIMIZATION_LEVEL = 0;
				GCC_PREPROCESSOR_DEFINITIONS = (
					"DEBUG=1",
					"$(inherited)",
				);
				GCC_WARN_64_TO_32_BIT_CONVERSION = YES;
				GCC_WARN_ABOUT_RETURN_TYPE = YES_ERROR;
				GCC_WARN_UNDECLARED_SELECTOR = YES;
				GCC_WARN_UNINITIALIZED_AUTOS = YES_AGGRESSIVE;
				GCC_WARN_UNUSED_FUNCTION = YES;
				GCC_WARN_UNUSED_VARIABLE = YES;
				IPHONEOS_DEPLOYMENT_TARGET = 17.4;
				LOCALIZATION_PREFERS_STRING_CATALOGS = YES;
				MTL_ENABLE_DEBUG_INFO = INCLUDE_SOURCE;
				MTL_FAST_MATH = YES;
				ONLY_ACTIVE_ARCH = YES;
				SDKROOT = iphoneos;
				SWIFT_ACTIVE_COMPILATION_CONDITIONS = "DEBUG $(inherited)";
				SWIFT_OPTIMIZATION_LEVEL = "-Onone";
			};
			name = Debug;
		};
		949E3CF12C0394AB006C2EA4 /* Release */ = {
			isa = XCBuildConfiguration;
			buildSettings = {
				ALWAYS_SEARCH_USER_PATHS = NO;
				ASSETCATALOG_COMPILER_GENERATE_SWIFT_ASSET_SYMBOL_EXTENSIONS = YES;
				CLANG_ANALYZER_NONNULL = YES;
				CLANG_ANALYZER_NUMBER_OBJECT_CONVERSION = YES_AGGRESSIVE;
				CLANG_CXX_LANGUAGE_STANDARD = "gnu++20";
				CLANG_ENABLE_MODULES = YES;
				CLANG_ENABLE_OBJC_ARC = YES;
				CLANG_ENABLE_OBJC_WEAK = YES;
				CLANG_WARN_BLOCK_CAPTURE_AUTORELEASING = YES;
				CLANG_WARN_BOOL_CONVERSION = YES;
				CLANG_WARN_COMMA = YES;
				CLANG_WARN_CONSTANT_CONVERSION = YES;
				CLANG_WARN_DEPRECATED_OBJC_IMPLEMENTATIONS = YES;
				CLANG_WARN_DIRECT_OBJC_ISA_USAGE = YES_ERROR;
				CLANG_WARN_DOCUMENTATION_COMMENTS = YES;
				CLANG_WARN_EMPTY_BODY = YES;
				CLANG_WARN_ENUM_CONVERSION = YES;
				CLANG_WARN_INFINITE_RECURSION = YES;
				CLANG_WARN_INT_CONVERSION = YES;
				CLANG_WARN_NON_LITERAL_NULL_CONVERSION = YES;
				CLANG_WARN_OBJC_IMPLICIT_RETAIN_SELF = YES;
				CLANG_WARN_OBJC_LITERAL_CONVERSION = YES;
				CLANG_WARN_OBJC_ROOT_CLASS = YES_ERROR;
				CLANG_WARN_QUOTED_INCLUDE_IN_FRAMEWORK_HEADER = YES;
				CLANG_WARN_RANGE_LOOP_ANALYSIS = YES;
				CLANG_WARN_STRICT_PROTOTYPES = YES;
				CLANG_WARN_SUSPICIOUS_MOVE = YES;
				CLANG_WARN_UNGUARDED_AVAILABILITY = YES_AGGRESSIVE;
				CLANG_WARN_UNREACHABLE_CODE = YES;
				CLANG_WARN__DUPLICATE_METHOD_MATCH = YES;
				COPY_PHASE_STRIP = NO;
				DEBUG_INFORMATION_FORMAT = "dwarf-with-dsym";
				ENABLE_NS_ASSERTIONS = NO;
				ENABLE_STRICT_OBJC_MSGSEND = YES;
				ENABLE_USER_SCRIPT_SANDBOXING = YES;
				GCC_C_LANGUAGE_STANDARD = gnu17;
				GCC_NO_COMMON_BLOCKS = YES;
				GCC_WARN_64_TO_32_BIT_CONVERSION = YES;
				GCC_WARN_ABOUT_RETURN_TYPE = YES_ERROR;
				GCC_WARN_UNDECLARED_SELECTOR = YES;
				GCC_WARN_UNINITIALIZED_AUTOS = YES_AGGRESSIVE;
				GCC_WARN_UNUSED_FUNCTION = YES;
				GCC_WARN_UNUSED_VARIABLE = YES;
				IPHONEOS_DEPLOYMENT_TARGET = 17.4;
				LOCALIZATION_PREFERS_STRING_CATALOGS = YES;
				MTL_ENABLE_DEBUG_INFO = NO;
				MTL_FAST_MATH = YES;
				SDKROOT = iphoneos;
				SWIFT_COMPILATION_MODE = wholemodule;
				VALIDATE_PRODUCT = YES;
			};
			name = Release;
		};
		949E3CF32C0394AB006C2EA4 /* Debug */ = {
			isa = XCBuildConfiguration;
			buildSettings = {
				ASSETCATALOG_COMPILER_APPICON_NAME = AppIcon;
				ASSETCATALOG_COMPILER_GLOBAL_ACCENT_COLOR_NAME = AccentColor;
				CODE_SIGN_STYLE = Automatic;
				CURRENT_PROJECT_VERSION = 1;
				DEVELOPMENT_ASSET_PATHS = "\"To-Do-List/Preview Content\"";
				DEVELOPMENT_TEAM = Y64UFA9C5L;
				ENABLE_PREVIEWS = YES;
				GENERATE_INFOPLIST_FILE = YES;
				INFOPLIST_KEY_UIApplicationSceneManifest_Generation = YES;
				INFOPLIST_KEY_UIApplicationSupportsIndirectInputEvents = YES;
				INFOPLIST_KEY_UILaunchScreen_Generation = YES;
				INFOPLIST_KEY_UISupportedInterfaceOrientations_iPad = "UIInterfaceOrientationPortrait UIInterfaceOrientationPortraitUpsideDown UIInterfaceOrientationLandscapeLeft UIInterfaceOrientationLandscapeRight";
				INFOPLIST_KEY_UISupportedInterfaceOrientations_iPhone = "UIInterfaceOrientationPortrait UIInterfaceOrientationLandscapeLeft UIInterfaceOrientationLandscapeRight";
				LD_RUNPATH_SEARCH_PATHS = (
					"$(inherited)",
					"@executable_path/Frameworks",
				);
				MARKETING_VERSION = 1.0;
				PRODUCT_BUNDLE_IDENTIFIER = "To-Do-List.To-Do-List";
				PRODUCT_NAME = "$(TARGET_NAME)";
				SWIFT_EMIT_LOC_STRINGS = YES;
				SWIFT_VERSION = 5.0;
				TARGETED_DEVICE_FAMILY = "1,2";
			};
			name = Debug;
		};
		949E3CF42C0394AB006C2EA4 /* Release */ = {
			isa = XCBuildConfiguration;
			buildSettings = {
				ASSETCATALOG_COMPILER_APPICON_NAME = AppIcon;
				ASSETCATALOG_COMPILER_GLOBAL_ACCENT_COLOR_NAME = AccentColor;
				CODE_SIGN_STYLE = Automatic;
				CURRENT_PROJECT_VERSION = 1;
				DEVELOPMENT_ASSET_PATHS = "\"To-Do-List/Preview Content\"";
				DEVELOPMENT_TEAM = Y64UFA9C5L;
				ENABLE_PREVIEWS = YES;
				GENERATE_INFOPLIST_FILE = YES;
				INFOPLIST_KEY_UIApplicationSceneManifest_Generation = YES;
				INFOPLIST_KEY_UIApplicationSupportsIndirectInputEvents = YES;
				INFOPLIST_KEY_UILaunchScreen_Generation = YES;
				INFOPLIST_KEY_UISupportedInterfaceOrientations_iPad = "UIInterfaceOrientationPortrait UIInterfaceOrientationPortraitUpsideDown UIInterfaceOrientationLandscapeLeft UIInterfaceOrientationLandscapeRight";
				INFOPLIST_KEY_UISupportedInterfaceOrientations_iPhone = "UIInterfaceOrientationPortrait UIInterfaceOrientationLandscapeLeft UIInterfaceOrientationLandscapeRight";
				LD_RUNPATH_SEARCH_PATHS = (
					"$(inherited)",
					"@executable_path/Frameworks",
				);
				MARKETING_VERSION = 1.0;
				PRODUCT_BUNDLE_IDENTIFIER = "To-Do-List.To-Do-List";
				PRODUCT_NAME = "$(TARGET_NAME)";
				SWIFT_EMIT_LOC_STRINGS = YES;
				SWIFT_VERSION = 5.0;
				TARGETED_DEVICE_FAMILY = "1,2";
			};
			name = Release;
		};
/* End XCBuildConfiguration section */

/* Begin XCConfigurationList section */
		949E3CDA2C0394AA006C2EA4 /* Build configuration list for PBXProject "To-Do-List" */ = {
			isa = XCConfigurationList;
			buildConfigurations = (
				949E3CF02C0394AB006C2EA4 /* Debug */,
				949E3CF12C0394AB006C2EA4 /* Release */,
			);
			defaultConfigurationIsVisible = 0;
			defaultConfigurationName = Release;
		};
		949E3CF22C0394AB006C2EA4 /* Build configuration list for PBXNativeTarget "To-Do-List" */ = {
			isa = XCConfigurationList;
			buildConfigurations = (
				949E3CF32C0394AB006C2EA4 /* Debug */,
				949E3CF42C0394AB006C2EA4 /* Release */,
			);
			defaultConfigurationIsVisible = 0;
			defaultConfigurationName = Release;
		};
/* End XCConfigurationList section */

/* Begin XCVersionGroup section */
		949E3CED2C0394AB006C2EA4 /* To_Do_List.xcdatamodeld */ = {
			isa = XCVersionGroup;
			children = (
				949E3CEE2C0394AB006C2EA4 /* To_Do_List.xcdatamodel */,
			);
			currentVersion = 949E3CEE2C0394AB006C2EA4 /* To_Do_List.xcdatamodel */;
			path = To_Do_List.xcdatamodeld;
			sourceTree = "<group>";
			versionGroupType = wrapper.xcdatamodel;
		};
/* End XCVersionGroup section */
	};
	rootObject = 949E3CD72C0394AA006C2EA4 /* Project object */;
}
